
Microsoft Visual Studio Solution File, Format Version 12.00
# Visual Studio Version 17
VisualStudioVersion = 17.8.34309.116
MinimumVisualStudioVersion = 10.0.40219.1
Project("{9A19103F-16F7-4668-BE54-9A1E7A4F7556}") = "Pizzeria.Api", "Pizzeria.Api\Pizzeria.Api.csproj", "{603A7593-DF19-408C-BDFE-A1469EF5FD33}"
EndProject
Project("{FAE04EC0-301F-11D3-BF4B-00C04F79EFBC}") = "PizzeriaDAL", "PizzeriaDAL\PizzeriaDAL.csproj", "{072F5B20-7D56-46A2-9989-041B30F506DF}"
EndProject
Project("{FAE04EC0-301F-11D3-BF4B-00C04F79EFBC}") = "PizzeriaBL", "PizzeriaBL\PizzeriaBL.csproj", "{76C26E0E-EDC3-49F7-AD7C-2489470F7B17}"
EndProject
Global
	GlobalSection(SolutionConfigurationPlatforms) = preSolution
		Debug|Any CPU = Debug|Any CPU
		Release|Any CPU = Release|Any CPU
	EndGlobalSection
	GlobalSection(ProjectConfigurationPlatforms) = postSolution
		{603A7593-DF19-408C-BDFE-A1469EF5FD33}.Debug|Any CPU.ActiveCfg = Debug|Any CPU
		{603A7593-DF19-408C-BDFE-A1469EF5FD33}.Debug|Any CPU.Build.0 = Debug|Any CPU
		{603A7593-DF19-408C-BDFE-A1469EF5FD33}.Release|Any CPU.ActiveCfg = Release|Any CPU
		{603A7593-DF19-408C-BDFE-A1469EF5FD33}.Release|Any CPU.Build.0 = Release|Any CPU
		{072F5B20-7D56-46A2-9989-041B30F506DF}.Debug|Any CPU.ActiveCfg = Debug|Any CPU
		{072F5B20-7D56-46A2-9989-041B30F506DF}.Debug|Any CPU.Build.0 = Debug|Any CPU
		{072F5B20-7D56-46A2-9989-041B30F506DF}.Release|Any CPU.ActiveCfg = Release|Any CPU
		{072F5B20-7D56-46A2-9989-041B30F506DF}.Release|Any CPU.Build.0 = Release|Any CPU
		{76C26E0E-EDC3-49F7-AD7C-2489470F7B17}.Debug|Any CPU.ActiveCfg = Debug|Any CPU
		{76C26E0E-EDC3-49F7-AD7C-2489470F7B17}.Debug|Any CPU.Build.0 = Debug|Any CPU
		{76C26E0E-EDC3-49F7-AD7C-2489470F7B17}.Release|Any CPU.ActiveCfg = Release|Any CPU
		{76C26E0E-EDC3-49F7-AD7C-2489470F7B17}.Release|Any CPU.Build.0 = Release|Any CPU
	EndGlobalSection
	GlobalSection(SolutionProperties) = preSolution
		HideSolutionNode = FALSE
	EndGlobalSection
	GlobalSection(ExtensibilityGlobals) = postSolution
		SolutionGuid = {F6BEF0CE-D57D-4D41-9684-014A11F008CA}
	EndGlobalSection
EndGlobal
